
Microsoft Visual Studio Solution File, Format Version 12.00
# Visual Studio Version 16
VisualStudioVersion = 16.0.34031.81
MinimumVisualStudioVersion = 10.0.40219.1
Project("{FAE04EC0-301F-11D3-BF4B-00C04F79EFBC}") = "WindowsService_Test", "WindowsService_Test\WindowsService_Test.csproj", "{64D381AA-1307-42C3-8FB6-DBF2565701F8}"
EndProject
Project("{FAE04EC0-301F-11D3-BF4B-00C04F79EFBC}") = "WindowsFormsApp_Test", "WindowsFormsApp_Test\WindowsFormsApp_Test.csproj", "{6C717E56-0385-4FB5-AD7D-63941EB34E79}"
EndProject
Project("{FAE04EC0-301F-11D3-BF4B-00C04F79EFBC}") = "WpfApp_Test", "WpfApp_Test\WpfApp_Test.csproj", "{4BA37323-7EFB-4FA9-9308-7265C0210258}"
EndProject
Global
	GlobalSection(SolutionConfigurationPlatforms) = preSolution
		Debug|Any CPU = Debug|Any CPU
		Release|Any CPU = Release|Any CPU
	EndGlobalSection
	GlobalSection(ProjectConfigurationPlatforms) = postSolution
		{64D381AA-1307-42C3-8FB6-DBF2565701F8}.Debug|Any CPU.ActiveCfg = Debug|Any CPU
		{64D381AA-1307-42C3-8FB6-DBF2565701F8}.Debug|Any CPU.Build.0 = Debug|Any CPU
		{64D381AA-1307-42C3-8FB6-DBF2565701F8}.Release|Any CPU.ActiveCfg = Release|Any CPU
		{64D381AA-1307-42C3-8FB6-DBF2565701F8}.Release|Any CPU.Build.0 = Release|Any CPU
		{6C717E56-0385-4FB5-AD7D-63941EB34E79}.Debug|Any CPU.ActiveCfg = Debug|Any CPU
		{6C717E56-0385-4FB5-AD7D-63941EB34E79}.Debug|Any CPU.Build.0 = Debug|Any CPU
		{6C717E56-0385-4FB5-AD7D-63941EB34E79}.Release|Any CPU.ActiveCfg = Release|Any CPU
		{6C717E56-0385-4FB5-AD7D-63941EB34E79}.Release|Any CPU.Build.0 = Release|Any CPU
		{4BA37323-7EFB-4FA9-9308-7265C0210258}.Debug|Any CPU.ActiveCfg = Debug|Any CPU
		{4BA37323-7EFB-4FA9-9308-7265C0210258}.Debug|Any CPU.Build.0 = Debug|Any CPU
		{4BA37323-7EFB-4FA9-9308-7265C0210258}.Release|Any CPU.ActiveCfg = Release|Any CPU
		{4BA37323-7EFB-4FA9-9308-7265C0210258}.Release|Any CPU.Build.0 = Release|Any CPU
	EndGlobalSection
	GlobalSection(SolutionProperties) = preSolution
		HideSolutionNode = FALSE
	EndGlobalSection
	GlobalSection(ExtensibilityGlobals) = postSolution
		SolutionGuid = {AAE81D45-36B4-4F68-A932-98DAF3CB2E03}
	EndGlobalSection
EndGlobal
